{
  "nodes": {
    "fileserver": {
      "inputs": {
        "nixpkgs": [
          "nixpkgs"
        ]
      },
      "locked": {
        "lastModified": 1731020628,
        "narHash": "sha256-WnoPqB9iWdaxagUuurwBBMIAE2Y94PsxBxdvyXLRlec=",
        "owner": "justinlime",
        "repo": "go-fileserver",
        "rev": "384071d72aff1b4290838c4c89e59a96a0b34b14",
        "type": "github"
      },
      "original": {
        "owner": "justinlime",
        "repo": "go-fileserver",
        "type": "github"
      }
    },
    "home-manager": {
      "inputs": {
        "nixpkgs": [
          "nixpkgs"
        ]
      },
      "locked": {
        "lastModified": 1749358668,
        "narHash": "sha256-V91nN4Q9ZwX0N+Gzu+F8SnvzMcdURYnMcIvpfLQzD5M=",
        "owner": "nix-community",
        "repo": "home-manager",
        "rev": "06451df423dd5e555f39857438ffc16c5b765862",
        "type": "github"
      },
      "original": {
        "owner": "nix-community",
        "repo": "home-manager",
        "type": "github"
      }
    },
    "nixpkgs": {
      "locked": {
        "lastModified": 1749285348,
        "narHash": "sha256-frdhQvPbmDYaScPFiCnfdh3B/Vh81Uuoo0w5TkWmmjU=",
        "owner": "nixos",
        "repo": "nixpkgs",
        "rev": "3e3afe5174c561dee0df6f2c2b2236990146329f",
        "type": "github"
      },
      "original": {
        "owner": "nixos",
        "ref": "nixos-unstable",
        "repo": "nixpkgs",
        "type": "github"
      }
    },
    "pipecord": {
      "inputs": {
        "nixpkgs": [
          "nixpkgs"
        ]
      },
      "locked": {
        "lastModified": 1715624876,
        "narHash": "sha256-A6RdOUBxhMwmpUTlaqSnRW94QnDEfXMGvSIYDYBIHqE=",
        "owner": "justinlime",
        "repo": "pipecord",
        "rev": "49430e4ac5b5d335ed95c75956c941b5a1c0c43d",
        "type": "github"
      },
      "original": {
        "owner": "justinlime",
        "repo": "pipecord",
        "type": "github"
      }
    },
    "root": {
      "inputs": {
        "fileserver": "fileserver",
        "home-manager": "home-manager",
        "nixpkgs": "nixpkgs",
        "pipecord": "pipecord"
      }
    }
  },
  "root": "root",
  "version": 7
}
