((elpaca :source "lockfile" :date
         (25992 41612 658313 707000)
         :recipe
         (:source nil :protocol https :inherit t :depth 1 :repo "https://github.com/progfolio/elpaca.git" :ref "ad60abc45126300f5c743e83665f05424eb95646" :files
                  (:defaults
                   (:exclude "extensions"))
                  :build
                  (:not elpaca--activate-package)
                  :package "elpaca"))
 (elpaca-use-package :source "lockfile" :date
                     (25992 41612 657087 799000)
                     :recipe
                     (:package "elpaca-use-package" :repo "https://github.com/progfolio/elpaca.git" :files
                               ("extensions/elpaca-use-package.el")
                               :main "extensions/elpaca-use-package.el" :build
                               (:not elpaca--compile-info)
                               :source "Elpaca extensions" :protocol https :inherit t :depth 1 :ref "ad60abc45126300f5c743e83665f05424eb95646"))
 (evil :source "lockfile" :date
       (25992 41612 655842 530000)
       :recipe
       (:package "evil" :repo "emacs-evil/evil" :fetcher github :files
                 (:defaults "doc/build/texinfo/evil.texi"
                            (:exclude "evil-test-helpers.el"))
                 :source "MELPA" :protocol https :inherit t :depth 1 :ref "eced3088ce860431b6d0e0af2409c56d754ffab2"))
 (evil-collection :source "lockfile" :date
                  (25992 41612 654594 442000)
                  :recipe
                  (:package "evil-collection" :fetcher github :repo "emacs-evil/evil-collection" :files
                            (:defaults "modes")
                            :source "MELPA" :protocol https :inherit t :depth 1 :ref "ddf0deb2c45cbb0c44326d3c0b7094818f232d8b"))
 (evil-tutor :source "lockfile" :date
             (25992 41612 653303 514000)
             :recipe
             (:package "evil-tutor" :repo "syl20bnr/evil-tutor" :fetcher github :files
                       (:defaults "tutor.txt")
                       :source "MELPA" :protocol https :inherit t :depth 1 :ref "4e124cd3911dc0d1b6817ad2c9e59b4753638f28"))
 (general :source "lockfile" :date
          (25992 41612 652019 207000)
          :recipe
          (:package "general" :fetcher github :repo "noctuid/general.el" :files
                    ("*.el" "*.el.in" "dir" "*.info" "*.texi" "*.texinfo" "doc/dir" "doc/*.info" "doc/*.texi" "doc/*.texinfo" "lisp/*.el"
                     (:exclude ".dir-locals.el" "test.el" "tests.el" "*-test.el" "*-tests.el" "LICENSE" "README*" "*-pkg.el"))
                    :source "MELPA" :protocol https :inherit t :depth 1 :ref "833dea2c4a60e06fcd552b653dfc8960935c9fb4"))
 (key-chord :source "lockfile" :date
            (25992 41612 650899 927000)
            :recipe
            (:package "key-chord" :fetcher github :repo "emacsorphanage/key-chord" :files
                      ("*.el" "*.el.in" "dir" "*.info" "*.texi" "*.texinfo" "doc/dir" "doc/*.info" "doc/*.texi" "doc/*.texinfo" "lisp/*.el"
                       (:exclude ".dir-locals.el" "test.el" "tests.el" "*-test.el" "*-tests.el" "LICENSE" "README*" "*-pkg.el"))
                      :source "MELPA" :protocol https :inherit t :depth 1 :ref "e724def60fdf6473858f2962ae276cf4413473eb"))
 (which-key :source "lockfile" :date
            (25992 41612 649727 779000)
            :recipe
            (:package "which-key" :repo "justbur/emacs-which-key" :fetcher github :files
                      ("*.el" "*.el.in" "dir" "*.info" "*.texi" "*.texinfo" "doc/dir" "doc/*.info" "doc/*.texi" "doc/*.texinfo" "lisp/*.el"
                       (:exclude ".dir-locals.el" "test.el" "tests.el" "*-test.el" "*-tests.el" "LICENSE" "README*" "*-pkg.el"))
                      :source "MELPA" :protocol https :inherit t :depth 1 :ref "4d20bc852545a2e602f59084a630f888542052b1"))
 (neotree :source "lockfile" :date
          (25992 41612 648481 520000)
          :recipe
          (:package "neotree" :repo "jaypei/emacs-neotree" :fetcher github :files
                    (:defaults "icons")
                    :source "MELPA" :protocol https :inherit t :depth 1 :ref "2b0cb8285352202c62b1e46a8aa265a5e4f9d966"))
 (consult :source "lockfile" :date
          (25992 41612 647256 412000)
          :recipe
          (:package "consult" :repo "minad/consult" :fetcher github :files
                    ("*.el" "*.el.in" "dir" "*.info" "*.texi" "*.texinfo" "doc/dir" "doc/*.info" "doc/*.texi" "doc/*.texinfo" "lisp/*.el"
                     (:exclude ".dir-locals.el" "test.el" "tests.el" "*-test.el" "*-tests.el" "LICENSE" "README*" "*-pkg.el"))
                    :source "MELPA" :protocol https :inherit t :depth 1 :ref "bfff7e13f0fce3938f49871d379482a1b547dd7a"))
 (envrc :source "lockfile" :date
        (25992 41612 645909 375000)
        :recipe
        (:package "envrc" :fetcher github :repo "purcell/envrc" :files
                  ("*.el" "*.el.in" "dir" "*.info" "*.texi" "*.texinfo" "doc/dir" "doc/*.info" "doc/*.texi" "doc/*.texinfo" "lisp/*.el"
                   (:exclude ".dir-locals.el" "test.el" "tests.el" "*-test.el" "*-tests.el" "LICENSE" "README*" "*-pkg.el"))
                  :source "MELPA" :protocol https :inherit t :depth 1 :ref "1385e72a730924664697a0961d43516a47a977d7"))
 (eglot :source "lockfile" :date
        (25992 41612 644682 537000)
        :recipe
        (:package "eglot" :repo "https://github.com/emacs-mirror/emacs" :local-repo "eglot" :branch "master" :files
                  ("lisp/progmodes/eglot.el" "doc/emacs/doclicense.texi" "doc/emacs/docstyle.texi" "doc/misc/eglot.texi" "etc/EGLOT-NEWS"
                   (:exclude ".git"))
                  :source "GNU-devel ELPA" :protocol https :inherit t :depth 1 :ref "059ae68087bf4498a0529d07319f5c5c2671cad7"))
 (corfu :source "lockfile" :date
        (25992 41612 643380 549000)
        :recipe
        (:package "corfu" :repo "minad/corfu" :files
                  (:defaults "extensions/corfu-*.el")
                  :fetcher github :source "MELPA" :protocol https :inherit t :depth 1 :ref "f658ae627508ba8104b640b4242a2a99716c58ea"))
 (corfu-terminal :source "lockfile" :date
                 (25992 41612 642079 781000)
                 :recipe
                 (:package "corfu-terminal" :repo "https://codeberg.org/akib/emacs-corfu-terminal" :local-repo "corfu-terminal" :files
                           ("*"
                            (:exclude ".git"))
                           :source "NonGNU-devel ELPA" :protocol https :inherit t :depth 1 :ref "501548c3d51f926c687e8cd838c5865ec45d03cc"))
 (cape :source "lockfile" :date
       (25992 41612 640798 733000)
       :recipe
       (:package "cape" :repo "minad/cape" :fetcher github :files
                 ("*.el" "*.el.in" "dir" "*.info" "*.texi" "*.texinfo" "doc/dir" "doc/*.info" "doc/*.texi" "doc/*.texinfo" "lisp/*.el"
                  (:exclude ".dir-locals.el" "test.el" "tests.el" "*-test.el" "*-tests.el" "LICENSE" "README*" "*-pkg.el"))
                 :source "MELPA" :protocol https :inherit t :depth 1 :ref "28980853746d1a3215d73438031ddb3a692ba51a"))
 (orderless :source "lockfile" :date
            (25992 41612 639482 916000)
            :recipe
            (:package "orderless" :repo "oantolin/orderless" :fetcher github :files
                      ("*.el" "*.el.in" "dir" "*.info" "*.texi" "*.texinfo" "doc/dir" "doc/*.info" "doc/*.texi" "doc/*.texinfo" "lisp/*.el"
                       (:exclude ".dir-locals.el" "test.el" "tests.el" "*-test.el" "*-tests.el" "LICENSE" "README*" "*-pkg.el"))
                      :source "MELPA" :protocol https :inherit t :depth 1 :ref "b24748093b00b37c3a572c4909f61c08fa27504f"))
 (vertico :source "lockfile" :date
          (25992 41612 638126 99000)
          :recipe
          (:package "vertico" :repo "minad/vertico" :files
                    (:defaults "extensions/vertico-*.el")
                    :fetcher github :source "MELPA" :protocol https :inherit t :depth 1 :ref "e8edac107df5883f2fa8690356a8d8deee1a83de"))
 (yasnippet :source "lockfile" :date
            (25992 41612 636686 782000)
            :recipe
            (:package "yasnippet" :repo "joaotavora/yasnippet" :fetcher github :files
                      ("yasnippet.el" "snippets")
                      :source "MELPA" :protocol https :inherit t :depth 1 :ref "52a1c5031912243c791c55e0fe345d04f219b507"))
 (git-gutter :source "lockfile" :date
             (25992 41612 635474 84000)
             :recipe
             (:package "git-gutter" :repo "emacsorphanage/git-gutter" :fetcher github :files
                       ("*.el" "*.el.in" "dir" "*.info" "*.texi" "*.texinfo" "doc/dir" "doc/*.info" "doc/*.texi" "doc/*.texinfo" "lisp/*.el"
                        (:exclude ".dir-locals.el" "test.el" "tests.el" "*-test.el" "*-tests.el" "LICENSE" "README*" "*-pkg.el"))
                       :source "MELPA" :protocol https :inherit t :depth 1 :ref "4c9e2f22b35918ce1cd9e64bce06a3ceda54095f"))
 (vue-mode :source "lockfile" :date
           (25992 41612 634117 637000)
           :recipe
           (:package "vue-mode" :fetcher github :repo "AdamNiederer/vue-mode" :files
                     ("*.el" "*.el.in" "dir" "*.info" "*.texi" "*.texinfo" "doc/dir" "doc/*.info" "doc/*.texi" "doc/*.texinfo" "lisp/*.el"
                      (:exclude ".dir-locals.el" "test.el" "tests.el" "*-test.el" "*-tests.el" "LICENSE" "README*" "*-pkg.el"))
                     :source "MELPA" :protocol https :inherit t :depth 1 :ref "031edd1f97db6e7d8d6c295c0e6d58dd128b9e71"))
 (nix-ts-mode :source "lockfile" :date
              (25992 41612 632866 519000)
              :recipe
              (:package "nix-ts-mode" :fetcher github :repo "remi-gelinas/nix-ts-mode" :files
                        ("*.el" "*.el.in" "dir" "*.info" "*.texi" "*.texinfo" "doc/dir" "doc/*.info" "doc/*.texi" "doc/*.texinfo" "lisp/*.el"
                         (:exclude ".dir-locals.el" "test.el" "tests.el" "*-test.el" "*-tests.el" "LICENSE" "README*" "*-pkg.el"))
                        :source "MELPA" :protocol https :inherit t :depth 1 :ref "2dddc6e9ca33be211675afca3896fd661fc38a0c"))
 (lua-mode :source "lockfile" :date
           (25992 41612 631587 271000)
           :recipe
           (:package "lua-mode" :repo "immerrr/lua-mode" :fetcher github :files
                     (:defaults
                      (:exclude "init-tryout.el"))
                     :source "MELPA" :protocol https :inherit t :depth 1 :ref "d074e4134b1beae9ed4c9b512af741ca0d852ba3"))
 (elixir-ts-mode :source "lockfile" :date
                 (25992 41612 630404 972000)
                 :recipe
                 (:package "elixir-ts-mode" :repo "wkirschbaum/elixir-ts-mode" :fetcher github :files
                           ("*.el" "*.el.in" "dir" "*.info" "*.texi" "*.texinfo" "doc/dir" "doc/*.info" "doc/*.texi" "doc/*.texinfo" "lisp/*.el"
                            (:exclude ".dir-locals.el" "test.el" "tests.el" "*-test.el" "*-tests.el" "LICENSE" "README*" "*-pkg.el"))
                           :source "MELPA" :protocol https :inherit t :depth 1 :ref "23fc038fa783aa0e4d03139c39b98789f439378b"))
 (markdown-mode :source "lockfile" :date
                (25992 41612 629119 874000)
                :recipe
                (:package "markdown-mode" :fetcher github :repo "jrblevin/markdown-mode" :files
                          ("*.el" "*.el.in" "dir" "*.info" "*.texi" "*.texinfo" "doc/dir" "doc/*.info" "doc/*.texi" "doc/*.texinfo" "lisp/*.el"
                           (:exclude ".dir-locals.el" "test.el" "tests.el" "*-test.el" "*-tests.el" "LICENSE" "README*" "*-pkg.el"))
                          :source "MELPA" :protocol https :inherit t :depth 1 :ref "141f9a05d121f60fe5e411c0ad114e3d3216c9ad"))
 (toc-org :source "lockfile" :date
          (25992 41612 627820 947000)
          :recipe
          (:package "toc-org" :fetcher github :repo "snosov1/toc-org" :old-names
                    (org-toc)
                    :files
                    ("*.el" "*.el.in" "dir" "*.info" "*.texi" "*.texinfo" "doc/dir" "doc/*.info" "doc/*.texi" "doc/*.texinfo" "lisp/*.el"
                     (:exclude ".dir-locals.el" "test.el" "tests.el" "*-test.el" "*-tests.el" "LICENSE" "README*" "*-pkg.el"))
                    :source "MELPA" :protocol https :inherit t :depth 1 :ref "6d3ae0fc47ce79b1ea06cabe21a3c596395409cd"))
 (org-modern :source "lockfile" :date
             (25992 41612 626585 869000)
             :recipe
             (:package "org-modern" :repo "minad/org-modern" :fetcher github :files
                       ("*.el" "*.el.in" "dir" "*.info" "*.texi" "*.texinfo" "doc/dir" "doc/*.info" "doc/*.texi" "doc/*.texinfo" "lisp/*.el"
                        (:exclude ".dir-locals.el" "test.el" "tests.el" "*-test.el" "*-tests.el" "LICENSE" "README*" "*-pkg.el"))
                       :source "MELPA" :protocol https :inherit t :depth 1 :ref "418b1adeec936e42abe1e3151633951055909ea4"))
 (org-roam :source "lockfile" :date
           (25992 41612 625305 881000)
           :recipe
           (:package "org-roam" :fetcher github :repo "org-roam/org-roam" :files
                     (:defaults "extensions/*")
                     :source "MELPA" :protocol https :inherit t :depth 1 :ref "5c06471c3a11348342719fd9011486455adeb701"))
 (catppuccin-theme :source "lockfile" :date
                   (25992 41612 624021 893000)
                   :recipe
                   (:package "catppuccin-theme" :fetcher github :repo "catppuccin/emacs" :files
                             ("*.el" "*.el.in" "dir" "*.info" "*.texi" "*.texinfo" "doc/dir" "doc/*.info" "doc/*.texi" "doc/*.texinfo" "lisp/*.el"
                              (:exclude ".dir-locals.el" "test.el" "tests.el" "*-test.el" "*-tests.el" "LICENSE" "README*" "*-pkg.el"))
                             :source "MELPA" :protocol https :inherit t :depth 1 :ref "1e9bdb0c19bf13c27a32b1adeabcace45fcbfd15"))
 (dired-rainbow :source "lockfile" :date
                (25992 41612 622718 215000)
                :recipe
                (:package "dired-rainbow" :fetcher github :repo "Fuco1/dired-hacks" :files
                          ("dired-rainbow.el")
                          :source "MELPA" :protocol https :inherit t :depth 1 :ref "874449d6fc98aee565e1715ec18acec3c1c2cafb"))
 (doom-modeline :source "lockfile" :date
                (25992 41612 621375 248000)
                :recipe
                (:package "doom-modeline" :repo "seagle0128/doom-modeline" :fetcher github :files
                          ("*.el" "*.el.in" "dir" "*.info" "*.texi" "*.texinfo" "doc/dir" "doc/*.info" "doc/*.texi" "doc/*.texinfo" "lisp/*.el"
                           (:exclude ".dir-locals.el" "test.el" "tests.el" "*-test.el" "*-tests.el" "LICENSE" "README*" "*-pkg.el"))
                          :source "MELPA" :protocol https :inherit t :depth 1 :ref "e521d32c2d670dc664424857e3fc18a37f0728f6"))
 (nerd-icons :source "lockfile" :date
             (25992 41612 620157 920000)
             :recipe
             (:package "nerd-icons" :repo "rainstormstudio/nerd-icons.el" :fetcher github :files
                       (:defaults "data")
                       :source "MELPA" :protocol https :inherit t :depth 1 :ref "b29ef760e92f36f47720f6c58435854129ee7163"))
 (nerd-icons-dired :source "lockfile" :date
                   (25992 41612 618963 11000)
                   :recipe
                   (:package "nerd-icons-dired" :repo "rainstormstudio/nerd-icons-dired" :fetcher github :files
                             ("*.el" "*.el.in" "dir" "*.info" "*.texi" "*.texinfo" "doc/dir" "doc/*.info" "doc/*.texi" "doc/*.texinfo" "lisp/*.el"
                              (:exclude ".dir-locals.el" "test.el" "tests.el" "*-test.el" "*-tests.el" "LICENSE" "README*" "*-pkg.el"))
                             :source "MELPA" :protocol https :inherit t :depth 1 :ref "c1c73488630cc1d19ce1677359f614122ae4c1b9"))
 (nerd-icons-corfu :source "lockfile" :date
                   (25992 41612 617682 243000)
                   :recipe
                   (:package "nerd-icons-corfu" :fetcher github :repo "LuigiPiucco/nerd-icons-corfu" :files
                             ("*.el" "*.el.in" "dir" "*.info" "*.texi" "*.texinfo" "doc/dir" "doc/*.info" "doc/*.texi" "doc/*.texinfo" "lisp/*.el"
                              (:exclude ".dir-locals.el" "test.el" "tests.el" "*-test.el" "*-tests.el" "LICENSE" "README*" "*-pkg.el"))
                             :source "MELPA" :protocol https :inherit t :depth 1 :ref "7077bb76fefc15aed967476406a19dc5c2500b3c"))
 (dashboard :source "lockfile" :date
            (25992 41612 616473 445000)
            :recipe
            (:package "dashboard" :fetcher github :repo "emacs-dashboard/emacs-dashboard" :files
                      (:defaults "banners")
                      :source "MELPA" :protocol https :inherit t :depth 1 :ref "54b7767b79fb7b9966c48a31a9d32f372ef9ec3d"))
 (rainbow-mode :source "lockfile" :date
               (25992 41612 615215 337000)
               :recipe
               (:package "rainbow-mode" :repo "git://git.sv.gnu.org/emacs/elpa" :local-repo "rainbow-mode" :branch "externals/rainbow-mode" :files
                         ("*"
                          (:exclude ".git"))
                         :source "GNU-devel ELPA" :protocol https :inherit t :depth 1 :ref "f7db3b5919f70420a91eb199f8663468de3033f3"))
 (rainbow-delimiters :source "lockfile" :date
                     (25992 41612 613960 839000)
                     :recipe
                     (:package "rainbow-delimiters" :fetcher github :repo "Fanael/rainbow-delimiters" :files
                               ("*.el" "*.el.in" "dir" "*.info" "*.texi" "*.texinfo" "doc/dir" "doc/*.info" "doc/*.texi" "doc/*.texinfo" "lisp/*.el"
                                (:exclude ".dir-locals.el" "test.el" "tests.el" "*-test.el" "*-tests.el" "LICENSE" "README*" "*-pkg.el"))
                               :source "MELPA" :protocol https :inherit t :depth 1 :ref "f40ece58df8b2f0fb6c8576b527755a552a5e763"))
 (goto-chg :source "lockfile" :date
           (25992 41612 612807 279000)
           :recipe
           (:package "goto-chg" :repo "emacs-evil/goto-chg" :fetcher github :files
                     ("*.el" "*.el.in" "dir" "*.info" "*.texi" "*.texinfo" "doc/dir" "doc/*.info" "doc/*.texi" "doc/*.texinfo" "lisp/*.el"
                      (:exclude ".dir-locals.el" "test.el" "tests.el" "*-test.el" "*-tests.el" "LICENSE" "README*" "*-pkg.el"))
                     :source "MELPA" :protocol https :inherit t :depth 1 :ref "278cd3e6d5107693aa2bb33189ca503f22f227d0"))
 (annalist :source "lockfile" :date
           (25992 41612 611609 661000)
           :recipe
           (:package "annalist" :fetcher github :repo "noctuid/annalist.el" :files
                     ("*.el" "*.el.in" "dir" "*.info" "*.texi" "*.texinfo" "doc/dir" "doc/*.info" "doc/*.texi" "doc/*.texinfo" "lisp/*.el"
                      (:exclude ".dir-locals.el" "test.el" "tests.el" "*-test.el" "*-tests.el" "LICENSE" "README*" "*-pkg.el"))
                     :source "MELPA" :protocol https :inherit t :depth 1 :ref "134fa3f0fb91a636a1c005c483516d4b64905a6d"))
 (compat :source "lockfile" :date
         (25992 41612 610380 503000)
         :recipe
         (:package "compat" :repo "https://github.com/emacs-compat/compat" :local-repo "compat" :files
                   ("*"
                    (:exclude ".git"))
                   :source "GNU-devel ELPA" :protocol https :inherit t :depth 1 :ref "ea8de2ea18cf7c348aadb6eb2aeb2a9d840bd064"))
 (inheritenv :source "lockfile" :date
             (25992 41612 609233 163000)
             :recipe
             (:package "inheritenv" :fetcher github :repo "purcell/inheritenv" :files
                       ("*.el" "*.el.in" "dir" "*.info" "*.texi" "*.texinfo" "doc/dir" "doc/*.info" "doc/*.texi" "doc/*.texinfo" "lisp/*.el"
                        (:exclude ".dir-locals.el" "test.el" "tests.el" "*-test.el" "*-tests.el" "LICENSE" "README*" "*-pkg.el"))
                       :source "MELPA" :protocol https :inherit t :depth 1 :ref "bac62ca6324828623cf8ce5a3d6aee0fcb65d620"))
 (popon :source "lockfile" :date
        (25992 41612 607989 815000)
        :recipe
        (:package "popon" :repo "https://codeberg.org/akib/emacs-popon" :local-repo "popon" :files
                  ("*"
                   (:exclude ".git"))
                  :source "NonGNU-devel ELPA" :protocol https :inherit t :depth 1 :ref "bf8174cb7e6e8fe0fe91afe6b01b6562c4dc39da"))
 (mmm-mode :source "lockfile" :date
           (25992 41612 606748 847000)
           :recipe
           (:package "mmm-mode" :repo "dgutov/mmm-mode" :fetcher github :files
                     ("*.el" "*.el.in" "dir" "*.info" "*.texi" "*.texinfo" "doc/dir" "doc/*.info" "doc/*.texi" "doc/*.texinfo" "lisp/*.el"
                      (:exclude ".dir-locals.el" "test.el" "tests.el" "*-test.el" "*-tests.el" "LICENSE" "README*" "*-pkg.el"))
                     :source "MELPA" :protocol https :inherit t :depth 1 :ref "96906747e862449b722b6e2c741b61871894ac3a"))
 (vue-html-mode :source "lockfile" :date
                (25992 41612 605517 889000)
                :recipe
                (:package "vue-html-mode" :fetcher github :repo "AdamNiederer/vue-html-mode" :files
                          ("*.el" "*.el.in" "dir" "*.info" "*.texi" "*.texinfo" "doc/dir" "doc/*.info" "doc/*.texi" "doc/*.texinfo" "lisp/*.el"
                           (:exclude ".dir-locals.el" "test.el" "tests.el" "*-test.el" "*-tests.el" "LICENSE" "README*" "*-pkg.el"))
                          :source "MELPA" :protocol https :inherit t :depth 1 :ref "1514939804bad558584feeb6298b38d22eadf64e"))
 (ssass-mode :source "lockfile" :date
             (25992 41612 604184 921000)
             :recipe
             (:package "ssass-mode" :fetcher github :repo "AdamNiederer/ssass-mode" :files
                       ("*.el" "*.el.in" "dir" "*.info" "*.texi" "*.texinfo" "doc/dir" "doc/*.info" "doc/*.texi" "doc/*.texinfo" "lisp/*.el"
                        (:exclude ".dir-locals.el" "test.el" "tests.el" "*-test.el" "*-tests.el" "LICENSE" "README*" "*-pkg.el"))
                       :source "MELPA" :protocol https :inherit t :depth 1 :ref "96f557887ad97a0066a60c54f92b7234b8407016"))
 (edit-indirect :source "lockfile" :date
                (25992 41612 602895 424000)
                :recipe
                (:package "edit-indirect" :fetcher github :repo "Fanael/edit-indirect" :files
                          ("*.el" "*.el.in" "dir" "*.info" "*.texi" "*.texinfo" "doc/dir" "doc/*.info" "doc/*.texi" "doc/*.texinfo" "lisp/*.el"
                           (:exclude ".dir-locals.el" "test.el" "tests.el" "*-test.el" "*-tests.el" "LICENSE" "README*" "*-pkg.el"))
                          :source "MELPA" :protocol https :inherit t :depth 1 :ref "f80f63822ffae78de38dbe72cacaeb1aaa96c732"))
 (heex-ts-mode :source "lockfile" :date
               (25992 41612 601676 785000)
               :recipe
               (:package "heex-ts-mode" :repo "wkirschbaum/heex-ts-mode" :fetcher github :files
                         ("*.el" "*.el.in" "dir" "*.info" "*.texi" "*.texinfo" "doc/dir" "doc/*.info" "doc/*.texi" "doc/*.texinfo" "lisp/*.el"
                          (:exclude ".dir-locals.el" "test.el" "tests.el" "*-test.el" "*-tests.el" "LICENSE" "README*" "*-pkg.el"))
                         :source "MELPA" :protocol https :inherit t :depth 1 :ref "80f35c61eb99393179b58a75c0fdd9b546d25136"))
 (dash :source "lockfile" :date
       (25992 41612 600479 737000)
       :recipe
       (:package "dash" :fetcher github :repo "magnars/dash.el" :files
                 ("dash.el" "dash.texi")
                 :source "MELPA" :protocol https :inherit t :depth 1 :ref "6db80c711ce947f6c6fa11e5c2257fff2c79d139"))
 (emacsql :source "lockfile" :date
          (25992 41612 599195 919000)
          :recipe
          (:package "emacsql" :fetcher github :repo "magit/emacsql" :files
                    (:defaults "sqlite")
                    :source "MELPA" :protocol https :inherit t :depth 1 :ref "f5ab47348295e13440df8105739712bd0f8e3aab"))
 (magit-section :source "lockfile" :date
                (25992 41612 597829 782000)
                :recipe
                (:package "magit-section" :fetcher github :repo "magit/magit" :files
                          ("lisp/magit-section.el" "lisp/magit-section-pkg.el" "docs/magit-section.texi" "Documentation/magit-section.texi")
                          :source "MELPA" :protocol https :inherit t :depth 1 :ref "5ec580fe398f00a259365cdeb65a38cf1726f63d"))
 (dired-hacks-utils :source "lockfile" :date
                    (25992 41612 596521 734000)
                    :recipe
                    (:package "dired-hacks-utils" :fetcher github :repo "Fuco1/dired-hacks" :files
                              ("dired-hacks-utils.el")
                              :source "MELPA" :protocol https :inherit t :depth 1 :ref "874449d6fc98aee565e1715ec18acec3c1c2cafb"))
 (shrink-path :source "lockfile" :date
              (25992 41612 595283 476000)
              :recipe
              (:package "shrink-path" :fetcher gitlab :repo "bennya/shrink-path.el" :files
                        ("*.el" "*.el.in" "dir" "*.info" "*.texi" "*.texinfo" "doc/dir" "doc/*.info" "doc/*.texi" "doc/*.texinfo" "lisp/*.el"
                         (:exclude ".dir-locals.el" "test.el" "tests.el" "*-test.el" "*-tests.el" "LICENSE" "README*" "*-pkg.el"))
                        :source "MELPA" :protocol https :inherit t :depth 1 :ref "c14882c8599aec79a6e8ef2d06454254bb3e1e41"))
 (s :source "lockfile" :date
    (25992 41612 593898 449000)
    :recipe
    (:package "s" :fetcher github :repo "magnars/s.el" :files
              ("*.el" "*.el.in" "dir" "*.info" "*.texi" "*.texinfo" "doc/dir" "doc/*.info" "doc/*.texi" "doc/*.texinfo" "lisp/*.el"
               (:exclude ".dir-locals.el" "test.el" "tests.el" "*-test.el" "*-tests.el" "LICENSE" "README*" "*-pkg.el"))
              :source "MELPA" :protocol https :inherit t :depth 1 :ref "dda84d38fffdaf0c9b12837b504b402af910d01d"))
 (f :source "lockfile" :date
    (25992 41612 592705 851000)
    :recipe
    (:package "f" :fetcher github :repo "rejeep/f.el" :files
              ("*.el" "*.el.in" "dir" "*.info" "*.texi" "*.texinfo" "doc/dir" "doc/*.info" "doc/*.texi" "doc/*.texinfo" "lisp/*.el"
               (:exclude ".dir-locals.el" "test.el" "tests.el" "*-test.el" "*-tests.el" "LICENSE" "README*" "*-pkg.el"))
              :source "MELPA" :protocol https :inherit t :depth 1 :ref "17eefb9973922235f9a3bea5a8aac722efe75ec9")))
